
Microsoft Visual Studio Solution File, Format Version 12.00
# Visual Studio 2013
VisualStudioVersion = 12.0.30501.0
MinimumVisualStudioVersion = 10.0.40219.1
Project("{8BC9CEB8-8B4A-11D0-8D11-00A0C91BC942}") = "Library", "Projects\Library\Library.vcxproj", "{02452D81-0C48-4249-8734-CECCEFA54737}"
EndProject
Project("{8BC9CEB8-8B4A-11D0-8D11-00A0C91BC942}") = "Console", "Projects\Console\Console.vcxproj", "{44CB8ABE-5ED0-4B0D-A840-CDD3A01C85B8}"
	ProjectSection(ProjectDependencies) = postProject
		{02452D81-0C48-4249-8734-CECCEFA54737} = {02452D81-0C48-4249-8734-CECCEFA54737}
	EndProjectSection
EndProject
Global
	GlobalSection(SolutionConfigurationPlatforms) = preSolution
		CLRDebug|Any CPU = CLRDebug|Any CPU
		CLRDebug|Mixed Platforms = CLRDebug|Mixed Platforms
		CLRDebug|Win32 = CLRDebug|Win32
		Debug|Any CPU = Debug|Any CPU
		Debug|Mixed Platforms = Debug|Mixed Platforms
		Debug|Win32 = Debug|Win32
		Release|Any CPU = Release|Any CPU
		Release|Mixed Platforms = Release|Mixed Platforms
		Release|Win32 = Release|Win32
		ReleaseLN|Any CPU = ReleaseLN|Any CPU
		ReleaseLN|Mixed Platforms = ReleaseLN|Mixed Platforms
		ReleaseLN|Win32 = ReleaseLN|Win32
		ReleaseWithDebug|Any CPU = ReleaseWithDebug|Any CPU
		ReleaseWithDebug|Mixed Platforms = ReleaseWithDebug|Mixed Platforms
		ReleaseWithDebug|Win32 = ReleaseWithDebug|Win32
		Retail|Any CPU = Retail|Any CPU
		Retail|Mixed Platforms = Retail|Mixed Platforms
		Retail|Win32 = Retail|Win32
	EndGlobalSection
	GlobalSection(ProjectConfigurationPlatforms) = postSolution
		{02452D81-0C48-4249-8734-CECCEFA54737}.CLRDebug|Any CPU.ActiveCfg = CLRDebug|Win32
		{02452D81-0C48-4249-8734-CECCEFA54737}.CLRDebug|Mixed Platforms.ActiveCfg = CLRDebug|Win32
		{02452D81-0C48-4249-8734-CECCEFA54737}.CLRDebug|Mixed Platforms.Build.0 = CLRDebug|Win32
		{02452D81-0C48-4249-8734-CECCEFA54737}.CLRDebug|Win32.ActiveCfg = CLRDebug|Win32
		{02452D81-0C48-4249-8734-CECCEFA54737}.CLRDebug|Win32.Build.0 = CLRDebug|Win32
		{02452D81-0C48-4249-8734-CECCEFA54737}.Debug|Any CPU.ActiveCfg = Debug|Win32
		{02452D81-0C48-4249-8734-CECCEFA54737}.Debug|Mixed Platforms.ActiveCfg = Debug|Win32
		{02452D81-0C48-4249-8734-CECCEFA54737}.Debug|Mixed Platforms.Build.0 = Debug|Win32
		{02452D81-0C48-4249-8734-CECCEFA54737}.Debug|Win32.ActiveCfg = Debug|Win32
		{02452D81-0C48-4249-8734-CECCEFA54737}.Debug|Win32.Build.0 = Debug|Win32
		{02452D81-0C48-4249-8734-CECCEFA54737}.Release|Any CPU.ActiveCfg = ReleaseLN|Win32
		{02452D81-0C48-4249-8734-CECCEFA54737}.Release|Mixed Platforms.ActiveCfg = ReleaseWithDebug|Win32
		{02452D81-0C48-4249-8734-CECCEFA54737}.Release|Mixed Platforms.Build.0 = ReleaseWithDebug|Win32
		{02452D81-0C48-4249-8734-CECCEFA54737}.Release|Win32.ActiveCfg = Retail|Win32
		{02452D81-0C48-4249-8734-CECCEFA54737}.Release|Win32.Build.0 = Retail|Win32
		{02452D81-0C48-4249-8734-CECCEFA54737}.ReleaseLN|Any CPU.ActiveCfg = ReleaseLN|Win32
		{02452D81-0C48-4249-8734-CECCEFA54737}.ReleaseLN|Mixed Platforms.ActiveCfg = ReleaseLN|Win32
		{02452D81-0C48-4249-8734-CECCEFA54737}.ReleaseLN|Mixed Platforms.Build.0 = ReleaseLN|Win32
		{02452D81-0C48-4249-8734-CECCEFA54737}.ReleaseLN|Win32.ActiveCfg = ReleaseLN|Win32
		{02452D81-0C48-4249-8734-CECCEFA54737}.ReleaseLN|Win32.Build.0 = ReleaseLN|Win32
		{02452D81-0C48-4249-8734-CECCEFA54737}.ReleaseWithDebug|Any CPU.ActiveCfg = ReleaseWithDebug|Win32
		{02452D81-0C48-4249-8734-CECCEFA54737}.ReleaseWithDebug|Mixed Platforms.ActiveCfg = ReleaseWithDebug|Win32
		{02452D81-0C48-4249-8734-CECCEFA54737}.ReleaseWithDebug|Mixed Platforms.Build.0 = ReleaseWithDebug|Win32
		{02452D81-0C48-4249-8734-CECCEFA54737}.ReleaseWithDebug|Win32.ActiveCfg = ReleaseWithDebug|Win32
		{02452D81-0C48-4249-8734-CECCEFA54737}.ReleaseWithDebug|Win32.Build.0 = ReleaseWithDebug|Win32
		{02452D81-0C48-4249-8734-CECCEFA54737}.Retail|Any CPU.ActiveCfg = Retail|Win32
		{02452D81-0C48-4249-8734-CECCEFA54737}.Retail|Mixed Platforms.ActiveCfg = Retail|Win32
		{02452D81-0C48-4249-8734-CECCEFA54737}.Retail|Mixed Platforms.Build.0 = Retail|Win32
		{02452D81-0C48-4249-8734-CECCEFA54737}.Retail|Win32.ActiveCfg = Retail|Win32
		{02452D81-0C48-4249-8734-CECCEFA54737}.Retail|Win32.Build.0 = Retail|Win32
		{44CB8ABE-5ED0-4B0D-A840-CDD3A01C85B8}.CLRDebug|Any CPU.ActiveCfg = CLRDebug|Win32
		{44CB8ABE-5ED0-4B0D-A840-CDD3A01C85B8}.CLRDebug|Mixed Platforms.ActiveCfg = CLRDebug|Win32
		{44CB8ABE-5ED0-4B0D-A840-CDD3A01C85B8}.CLRDebug|Mixed Platforms.Build.0 = CLRDebug|Win32
		{44CB8ABE-5ED0-4B0D-A840-CDD3A01C85B8}.CLRDebug|Win32.ActiveCfg = CLRDebug|Win32
		{44CB8ABE-5ED0-4B0D-A840-CDD3A01C85B8}.Debug|Any CPU.ActiveCfg = Debug|Win32
		{44CB8ABE-5ED0-4B0D-A840-CDD3A01C85B8}.Debug|Mixed Platforms.ActiveCfg = Debug|Win32
		{44CB8ABE-5ED0-4B0D-A840-CDD3A01C85B8}.Debug|Mixed Platforms.Build.0 = Debug|Win32
		{44CB8ABE-5ED0-4B0D-A840-CDD3A01C85B8}.Debug|Win32.ActiveCfg = Debug|Win32
		{44CB8ABE-5ED0-4B0D-A840-CDD3A01C85B8}.Debug|Win32.Build.0 = Debug|Win32
		{44CB8ABE-5ED0-4B0D-A840-CDD3A01C85B8}.Release|Any CPU.ActiveCfg = ReleaseWithDebug|Win32
		{44CB8ABE-5ED0-4B0D-A840-CDD3A01C85B8}.Release|Mixed Platforms.ActiveCfg = Retail|Win32
		{44CB8ABE-5ED0-4B0D-A840-CDD3A01C85B8}.Release|Mixed Platforms.Build.0 = Retail|Win32
		{44CB8ABE-5ED0-4B0D-A840-CDD3A01C85B8}.Release|Win32.ActiveCfg = Retail|Win32
		{44CB8ABE-5ED0-4B0D-A840-CDD3A01C85B8}.Release|Win32.Build.0 = Retail|Win32
		{44CB8ABE-5ED0-4B0D-A840-CDD3A01C85B8}.ReleaseLN|Any CPU.ActiveCfg = ReleaseLN|Win32
		{44CB8ABE-5ED0-4B0D-A840-CDD3A01C85B8}.ReleaseLN|Mixed Platforms.ActiveCfg = ReleaseLN|Win32
		{44CB8ABE-5ED0-4B0D-A840-CDD3A01C85B8}.ReleaseLN|Mixed Platforms.Build.0 = ReleaseLN|Win32
		{44CB8ABE-5ED0-4B0D-A840-CDD3A01C85B8}.ReleaseLN|Win32.ActiveCfg = ReleaseLN|Win32
		{44CB8ABE-5ED0-4B0D-A840-CDD3A01C85B8}.ReleaseWithDebug|Any CPU.ActiveCfg = ReleaseWithDebug|Win32
		{44CB8ABE-5ED0-4B0D-A840-CDD3A01C85B8}.ReleaseWithDebug|Mixed Platforms.ActiveCfg = ReleaseWithDebug|Win32
		{44CB8ABE-5ED0-4B0D-A840-CDD3A01C85B8}.ReleaseWithDebug|Mixed Platforms.Build.0 = ReleaseWithDebug|Win32
		{44CB8ABE-5ED0-4B0D-A840-CDD3A01C85B8}.ReleaseWithDebug|Win32.ActiveCfg = ReleaseWithDebug|Win32
		{44CB8ABE-5ED0-4B0D-A840-CDD3A01C85B8}.ReleaseWithDebug|Win32.Build.0 = ReleaseWithDebug|Win32
		{44CB8ABE-5ED0-4B0D-A840-CDD3A01C85B8}.Retail|Any CPU.ActiveCfg = Retail|Win32
		{44CB8ABE-5ED0-4B0D-A840-CDD3A01C85B8}.Retail|Mixed Platforms.ActiveCfg = Retail|Win32
		{44CB8ABE-5ED0-4B0D-A840-CDD3A01C85B8}.Retail|Win32.ActiveCfg = Retail|Win32
	EndGlobalSection
	GlobalSection(SolutionProperties) = preSolution
		HideSolutionNode = FALSE
	EndGlobalSection
	GlobalSection(Performance) = preSolution
		HasPerformanceSessions = true
	EndGlobalSection
EndGlobal
