
Microsoft Visual Studio Solution File, Format Version 12.00
# Visual Studio 14
VisualStudioVersion = 14.0.25123.0
MinimumVisualStudioVersion = 10.0.40219.1
Project("{8BC9CEB8-8B4A-11D0-8D11-00A0C91BC942}") = "Core", "Projects\Library\Library.vcxproj", "{02452D81-0C48-4249-8734-CECCEFA54737}"
EndProject
Project("{8BC9CEB8-8B4A-11D0-8D11-00A0C91BC942}") = "Console", "Projects\Console\Console.vcxproj", "{44CB8ABE-5ED0-4B0D-A840-CDD3A01C85B8}"
	ProjectSection(ProjectDependencies) = postProject
		{02452D81-0C48-4249-8734-CECCEFA54737} = {02452D81-0C48-4249-8734-CECCEFA54737}
		{4D602A8D-4EA9-415E-A2E5-90BAD3A4354D} = {4D602A8D-4EA9-415E-A2E5-90BAD3A4354D}
	EndProjectSection
EndProject
Project("{8BC9CEB8-8B4A-11D0-8D11-00A0C91BC942}") = "TestSuite", "Projects\TestSuite\TestSuite.vcxproj", "{1E8219CD-1106-403B-B4F7-1A34A0A27C40}"
	ProjectSection(ProjectDependencies) = postProject
		{02452D81-0C48-4249-8734-CECCEFA54737} = {02452D81-0C48-4249-8734-CECCEFA54737}
		{4D602A8D-4EA9-415E-A2E5-90BAD3A4354D} = {4D602A8D-4EA9-415E-A2E5-90BAD3A4354D}
	EndProjectSection
EndProject
Project("{8BC9CEB8-8B4A-11D0-8D11-00A0C91BC942}") = "Executor", "Projects\Executor\Executor.vcxproj", "{4D602A8D-4EA9-415E-A2E5-90BAD3A4354D}"
EndProject
Project("{8BC9CEB8-8B4A-11D0-8D11-00A0C91BC942}") = "Network", "Projects\Network\Network.vcxproj", "{CAB7099F-43CA-43FD-8876-B976F274AB3B}"
EndProject
Global
	GlobalSection(SolutionConfigurationPlatforms) = preSolution
		CLRDebug|Any CPU = CLRDebug|Any CPU
		CLRDebug|Mixed Platforms = CLRDebug|Mixed Platforms
		CLRDebug|Win32 = CLRDebug|Win32
		CLRDebug|x64 = CLRDebug|x64
		Debug|Any CPU = Debug|Any CPU
		Debug|Mixed Platforms = Debug|Mixed Platforms
		Debug|Win32 = Debug|Win32
		Debug|x64 = Debug|x64
		Release|Any CPU = Release|Any CPU
		Release|Mixed Platforms = Release|Mixed Platforms
		Release|Win32 = Release|Win32
		Release|x64 = Release|x64
		ReleaseLN|Any CPU = ReleaseLN|Any CPU
		ReleaseLN|Mixed Platforms = ReleaseLN|Mixed Platforms
		ReleaseLN|Win32 = ReleaseLN|Win32
		ReleaseLN|x64 = ReleaseLN|x64
		ReleaseWithDebug|Any CPU = ReleaseWithDebug|Any CPU
		ReleaseWithDebug|Mixed Platforms = ReleaseWithDebug|Mixed Platforms
		ReleaseWithDebug|Win32 = ReleaseWithDebug|Win32
		ReleaseWithDebug|x64 = ReleaseWithDebug|x64
		Retail|Any CPU = Retail|Any CPU
		Retail|Mixed Platforms = Retail|Mixed Platforms
		Retail|Win32 = Retail|Win32
		Retail|x64 = Retail|x64
	EndGlobalSection
	GlobalSection(ProjectConfigurationPlatforms) = postSolution
		{02452D81-0C48-4249-8734-CECCEFA54737}.CLRDebug|Any CPU.ActiveCfg = CLRDebug|Win32
		{02452D81-0C48-4249-8734-CECCEFA54737}.CLRDebug|Mixed Platforms.ActiveCfg = CLRDebug|Win32
		{02452D81-0C48-4249-8734-CECCEFA54737}.CLRDebug|Mixed Platforms.Build.0 = CLRDebug|Win32
		{02452D81-0C48-4249-8734-CECCEFA54737}.CLRDebug|Win32.ActiveCfg = CLRDebug|Win32
		{02452D81-0C48-4249-8734-CECCEFA54737}.CLRDebug|Win32.Build.0 = CLRDebug|Win32
		{02452D81-0C48-4249-8734-CECCEFA54737}.CLRDebug|x64.ActiveCfg = CLRDebug|Win32
		{02452D81-0C48-4249-8734-CECCEFA54737}.Debug|Any CPU.ActiveCfg = Debug|Win32
		{02452D81-0C48-4249-8734-CECCEFA54737}.Debug|Mixed Platforms.ActiveCfg = Debug|Win32
		{02452D81-0C48-4249-8734-CECCEFA54737}.Debug|Mixed Platforms.Build.0 = Debug|Win32
		{02452D81-0C48-4249-8734-CECCEFA54737}.Debug|Win32.ActiveCfg = Debug|Win32
		{02452D81-0C48-4249-8734-CECCEFA54737}.Debug|Win32.Build.0 = Debug|Win32
		{02452D81-0C48-4249-8734-CECCEFA54737}.Debug|x64.ActiveCfg = Debug|Win32
		{02452D81-0C48-4249-8734-CECCEFA54737}.Release|Any CPU.ActiveCfg = ReleaseLN|Win32
		{02452D81-0C48-4249-8734-CECCEFA54737}.Release|Mixed Platforms.ActiveCfg = ReleaseWithDebug|Win32
		{02452D81-0C48-4249-8734-CECCEFA54737}.Release|Mixed Platforms.Build.0 = ReleaseWithDebug|Win32
		{02452D81-0C48-4249-8734-CECCEFA54737}.Release|Win32.ActiveCfg = Retail|Win32
		{02452D81-0C48-4249-8734-CECCEFA54737}.Release|Win32.Build.0 = Retail|Win32
		{02452D81-0C48-4249-8734-CECCEFA54737}.Release|x64.ActiveCfg = DebugCLR|Win32
		{02452D81-0C48-4249-8734-CECCEFA54737}.Release|x64.Build.0 = DebugCLR|Win32
		{02452D81-0C48-4249-8734-CECCEFA54737}.ReleaseLN|Any CPU.ActiveCfg = ReleaseLN|Win32
		{02452D81-0C48-4249-8734-CECCEFA54737}.ReleaseLN|Mixed Platforms.ActiveCfg = ReleaseLN|Win32
		{02452D81-0C48-4249-8734-CECCEFA54737}.ReleaseLN|Mixed Platforms.Build.0 = ReleaseLN|Win32
		{02452D81-0C48-4249-8734-CECCEFA54737}.ReleaseLN|Win32.ActiveCfg = ReleaseLN|Win32
		{02452D81-0C48-4249-8734-CECCEFA54737}.ReleaseLN|Win32.Build.0 = ReleaseLN|Win32
		{02452D81-0C48-4249-8734-CECCEFA54737}.ReleaseLN|x64.ActiveCfg = ReleaseLN|Win32
		{02452D81-0C48-4249-8734-CECCEFA54737}.ReleaseWithDebug|Any CPU.ActiveCfg = ReleaseWithDebug|Win32
		{02452D81-0C48-4249-8734-CECCEFA54737}.ReleaseWithDebug|Mixed Platforms.ActiveCfg = ReleaseWithDebug|Win32
		{02452D81-0C48-4249-8734-CECCEFA54737}.ReleaseWithDebug|Mixed Platforms.Build.0 = ReleaseWithDebug|Win32
		{02452D81-0C48-4249-8734-CECCEFA54737}.ReleaseWithDebug|Win32.ActiveCfg = ReleaseWithDebug|Win32
		{02452D81-0C48-4249-8734-CECCEFA54737}.ReleaseWithDebug|Win32.Build.0 = ReleaseWithDebug|Win32
		{02452D81-0C48-4249-8734-CECCEFA54737}.ReleaseWithDebug|x64.ActiveCfg = ReleaseWithDebug|Win32
		{02452D81-0C48-4249-8734-CECCEFA54737}.Retail|Any CPU.ActiveCfg = Retail|Win32
		{02452D81-0C48-4249-8734-CECCEFA54737}.Retail|Mixed Platforms.ActiveCfg = Retail|Win32
		{02452D81-0C48-4249-8734-CECCEFA54737}.Retail|Mixed Platforms.Build.0 = Retail|Win32
		{02452D81-0C48-4249-8734-CECCEFA54737}.Retail|Win32.ActiveCfg = Retail|Win32
		{02452D81-0C48-4249-8734-CECCEFA54737}.Retail|Win32.Build.0 = Retail|Win32
		{02452D81-0C48-4249-8734-CECCEFA54737}.Retail|x64.ActiveCfg = Retail|Win32
		{44CB8ABE-5ED0-4B0D-A840-CDD3A01C85B8}.CLRDebug|Any CPU.ActiveCfg = CLRDebug|Win32
		{44CB8ABE-5ED0-4B0D-A840-CDD3A01C85B8}.CLRDebug|Mixed Platforms.ActiveCfg = CLRDebug|Win32
		{44CB8ABE-5ED0-4B0D-A840-CDD3A01C85B8}.CLRDebug|Mixed Platforms.Build.0 = CLRDebug|Win32
		{44CB8ABE-5ED0-4B0D-A840-CDD3A01C85B8}.CLRDebug|Win32.ActiveCfg = CLRDebug|Win32
		{44CB8ABE-5ED0-4B0D-A840-CDD3A01C85B8}.CLRDebug|x64.ActiveCfg = CLRDebug|Win32
		{44CB8ABE-5ED0-4B0D-A840-CDD3A01C85B8}.Debug|Any CPU.ActiveCfg = Debug|Win32
		{44CB8ABE-5ED0-4B0D-A840-CDD3A01C85B8}.Debug|Mixed Platforms.ActiveCfg = Debug|Win32
		{44CB8ABE-5ED0-4B0D-A840-CDD3A01C85B8}.Debug|Mixed Platforms.Build.0 = Debug|Win32
		{44CB8ABE-5ED0-4B0D-A840-CDD3A01C85B8}.Debug|Win32.ActiveCfg = Debug|Win32
		{44CB8ABE-5ED0-4B0D-A840-CDD3A01C85B8}.Debug|Win32.Build.0 = Debug|Win32
		{44CB8ABE-5ED0-4B0D-A840-CDD3A01C85B8}.Debug|x64.ActiveCfg = Debug|Win32
		{44CB8ABE-5ED0-4B0D-A840-CDD3A01C85B8}.Release|Any CPU.ActiveCfg = ReleaseWithDebug|Win32
		{44CB8ABE-5ED0-4B0D-A840-CDD3A01C85B8}.Release|Mixed Platforms.ActiveCfg = Retail|Win32
		{44CB8ABE-5ED0-4B0D-A840-CDD3A01C85B8}.Release|Mixed Platforms.Build.0 = Retail|Win32
		{44CB8ABE-5ED0-4B0D-A840-CDD3A01C85B8}.Release|Win32.ActiveCfg = Retail|Win32
		{44CB8ABE-5ED0-4B0D-A840-CDD3A01C85B8}.Release|Win32.Build.0 = Retail|Win32
		{44CB8ABE-5ED0-4B0D-A840-CDD3A01C85B8}.Release|x64.ActiveCfg = DebugMin|Win32
		{44CB8ABE-5ED0-4B0D-A840-CDD3A01C85B8}.Release|x64.Build.0 = DebugMin|Win32
		{44CB8ABE-5ED0-4B0D-A840-CDD3A01C85B8}.ReleaseLN|Any CPU.ActiveCfg = ReleaseLN|Win32
		{44CB8ABE-5ED0-4B0D-A840-CDD3A01C85B8}.ReleaseLN|Mixed Platforms.ActiveCfg = ReleaseLN|Win32
		{44CB8ABE-5ED0-4B0D-A840-CDD3A01C85B8}.ReleaseLN|Mixed Platforms.Build.0 = ReleaseLN|Win32
		{44CB8ABE-5ED0-4B0D-A840-CDD3A01C85B8}.ReleaseLN|Win32.ActiveCfg = ReleaseLN|Win32
		{44CB8ABE-5ED0-4B0D-A840-CDD3A01C85B8}.ReleaseLN|x64.ActiveCfg = ReleaseLN|Win32
		{44CB8ABE-5ED0-4B0D-A840-CDD3A01C85B8}.ReleaseWithDebug|Any CPU.ActiveCfg = ReleaseWithDebug|Win32
		{44CB8ABE-5ED0-4B0D-A840-CDD3A01C85B8}.ReleaseWithDebug|Mixed Platforms.ActiveCfg = ReleaseWithDebug|Win32
		{44CB8ABE-5ED0-4B0D-A840-CDD3A01C85B8}.ReleaseWithDebug|Mixed Platforms.Build.0 = ReleaseWithDebug|Win32
		{44CB8ABE-5ED0-4B0D-A840-CDD3A01C85B8}.ReleaseWithDebug|Win32.ActiveCfg = ReleaseWithDebug|Win32
		{44CB8ABE-5ED0-4B0D-A840-CDD3A01C85B8}.ReleaseWithDebug|Win32.Build.0 = ReleaseWithDebug|Win32
		{44CB8ABE-5ED0-4B0D-A840-CDD3A01C85B8}.ReleaseWithDebug|x64.ActiveCfg = ReleaseWithDebug|Win32
		{44CB8ABE-5ED0-4B0D-A840-CDD3A01C85B8}.Retail|Any CPU.ActiveCfg = Retail|Win32
		{44CB8ABE-5ED0-4B0D-A840-CDD3A01C85B8}.Retail|Mixed Platforms.ActiveCfg = Retail|Win32
		{44CB8ABE-5ED0-4B0D-A840-CDD3A01C85B8}.Retail|Win32.ActiveCfg = Retail|Win32
		{44CB8ABE-5ED0-4B0D-A840-CDD3A01C85B8}.Retail|x64.ActiveCfg = Retail|Win32
		{1E8219CD-1106-403B-B4F7-1A34A0A27C40}.CLRDebug|Any CPU.ActiveCfg = Release|x64
		{1E8219CD-1106-403B-B4F7-1A34A0A27C40}.CLRDebug|Any CPU.Build.0 = Release|x64
		{1E8219CD-1106-403B-B4F7-1A34A0A27C40}.CLRDebug|Mixed Platforms.ActiveCfg = Debug|Win32
		{1E8219CD-1106-403B-B4F7-1A34A0A27C40}.CLRDebug|Mixed Platforms.Build.0 = Debug|Win32
		{1E8219CD-1106-403B-B4F7-1A34A0A27C40}.CLRDebug|Win32.ActiveCfg = Debug|Win32
		{1E8219CD-1106-403B-B4F7-1A34A0A27C40}.CLRDebug|Win32.Build.0 = Debug|Win32
		{1E8219CD-1106-403B-B4F7-1A34A0A27C40}.CLRDebug|x64.ActiveCfg = Debug|x64
		{1E8219CD-1106-403B-B4F7-1A34A0A27C40}.CLRDebug|x64.Build.0 = Debug|x64
		{1E8219CD-1106-403B-B4F7-1A34A0A27C40}.Debug|Any CPU.ActiveCfg = Debug|Win32
		{1E8219CD-1106-403B-B4F7-1A34A0A27C40}.Debug|Mixed Platforms.ActiveCfg = Debug|Win32
		{1E8219CD-1106-403B-B4F7-1A34A0A27C40}.Debug|Mixed Platforms.Build.0 = Debug|Win32
		{1E8219CD-1106-403B-B4F7-1A34A0A27C40}.Debug|Win32.ActiveCfg = Debug|Win32
		{1E8219CD-1106-403B-B4F7-1A34A0A27C40}.Debug|Win32.Build.0 = Debug|Win32
		{1E8219CD-1106-403B-B4F7-1A34A0A27C40}.Debug|x64.ActiveCfg = Debug|x64
		{1E8219CD-1106-403B-B4F7-1A34A0A27C40}.Debug|x64.Build.0 = Debug|x64
		{1E8219CD-1106-403B-B4F7-1A34A0A27C40}.Release|Any CPU.ActiveCfg = Release|Win32
		{1E8219CD-1106-403B-B4F7-1A34A0A27C40}.Release|Mixed Platforms.ActiveCfg = Release|Win32
		{1E8219CD-1106-403B-B4F7-1A34A0A27C40}.Release|Mixed Platforms.Build.0 = Release|Win32
		{1E8219CD-1106-403B-B4F7-1A34A0A27C40}.Release|Win32.ActiveCfg = Release|Win32
		{1E8219CD-1106-403B-B4F7-1A34A0A27C40}.Release|Win32.Build.0 = Release|Win32
		{1E8219CD-1106-403B-B4F7-1A34A0A27C40}.Release|x64.ActiveCfg = Release|x64
		{1E8219CD-1106-403B-B4F7-1A34A0A27C40}.Release|x64.Build.0 = Release|x64
		{1E8219CD-1106-403B-B4F7-1A34A0A27C40}.ReleaseLN|Any CPU.ActiveCfg = Release|x64
		{1E8219CD-1106-403B-B4F7-1A34A0A27C40}.ReleaseLN|Any CPU.Build.0 = Release|x64
		{1E8219CD-1106-403B-B4F7-1A34A0A27C40}.ReleaseLN|Mixed Platforms.ActiveCfg = Release|Win32
		{1E8219CD-1106-403B-B4F7-1A34A0A27C40}.ReleaseLN|Mixed Platforms.Build.0 = Release|Win32
		{1E8219CD-1106-403B-B4F7-1A34A0A27C40}.ReleaseLN|Win32.ActiveCfg = Release|Win32
		{1E8219CD-1106-403B-B4F7-1A34A0A27C40}.ReleaseLN|Win32.Build.0 = Release|Win32
		{1E8219CD-1106-403B-B4F7-1A34A0A27C40}.ReleaseLN|x64.ActiveCfg = Release|x64
		{1E8219CD-1106-403B-B4F7-1A34A0A27C40}.ReleaseLN|x64.Build.0 = Release|x64
		{1E8219CD-1106-403B-B4F7-1A34A0A27C40}.ReleaseWithDebug|Any CPU.ActiveCfg = Release|x64
		{1E8219CD-1106-403B-B4F7-1A34A0A27C40}.ReleaseWithDebug|Any CPU.Build.0 = Release|x64
		{1E8219CD-1106-403B-B4F7-1A34A0A27C40}.ReleaseWithDebug|Mixed Platforms.ActiveCfg = Release|Win32
		{1E8219CD-1106-403B-B4F7-1A34A0A27C40}.ReleaseWithDebug|Mixed Platforms.Build.0 = Release|Win32
		{1E8219CD-1106-403B-B4F7-1A34A0A27C40}.ReleaseWithDebug|Win32.ActiveCfg = Release|Win32
		{1E8219CD-1106-403B-B4F7-1A34A0A27C40}.ReleaseWithDebug|Win32.Build.0 = Release|Win32
		{1E8219CD-1106-403B-B4F7-1A34A0A27C40}.ReleaseWithDebug|x64.ActiveCfg = Release|x64
		{1E8219CD-1106-403B-B4F7-1A34A0A27C40}.ReleaseWithDebug|x64.Build.0 = Release|x64
		{1E8219CD-1106-403B-B4F7-1A34A0A27C40}.Retail|Any CPU.ActiveCfg = Release|x64
		{1E8219CD-1106-403B-B4F7-1A34A0A27C40}.Retail|Any CPU.Build.0 = Release|x64
		{1E8219CD-1106-403B-B4F7-1A34A0A27C40}.Retail|Mixed Platforms.ActiveCfg = Release|Win32
		{1E8219CD-1106-403B-B4F7-1A34A0A27C40}.Retail|Mixed Platforms.Build.0 = Release|Win32
		{1E8219CD-1106-403B-B4F7-1A34A0A27C40}.Retail|Win32.ActiveCfg = Release|Win32
		{1E8219CD-1106-403B-B4F7-1A34A0A27C40}.Retail|Win32.Build.0 = Release|Win32
		{1E8219CD-1106-403B-B4F7-1A34A0A27C40}.Retail|x64.ActiveCfg = Release|x64
		{1E8219CD-1106-403B-B4F7-1A34A0A27C40}.Retail|x64.Build.0 = Release|x64
		{4D602A8D-4EA9-415E-A2E5-90BAD3A4354D}.CLRDebug|Any CPU.ActiveCfg = Release|x64
		{4D602A8D-4EA9-415E-A2E5-90BAD3A4354D}.CLRDebug|Any CPU.Build.0 = Release|x64
		{4D602A8D-4EA9-415E-A2E5-90BAD3A4354D}.CLRDebug|Mixed Platforms.ActiveCfg = Debug|Win32
		{4D602A8D-4EA9-415E-A2E5-90BAD3A4354D}.CLRDebug|Mixed Platforms.Build.0 = Debug|Win32
		{4D602A8D-4EA9-415E-A2E5-90BAD3A4354D}.CLRDebug|Win32.ActiveCfg = Debug|Win32
		{4D602A8D-4EA9-415E-A2E5-90BAD3A4354D}.CLRDebug|Win32.Build.0 = Debug|Win32
		{4D602A8D-4EA9-415E-A2E5-90BAD3A4354D}.CLRDebug|x64.ActiveCfg = Debug|x64
		{4D602A8D-4EA9-415E-A2E5-90BAD3A4354D}.CLRDebug|x64.Build.0 = Debug|x64
		{4D602A8D-4EA9-415E-A2E5-90BAD3A4354D}.Debug|Any CPU.ActiveCfg = Debug|Win32
		{4D602A8D-4EA9-415E-A2E5-90BAD3A4354D}.Debug|Mixed Platforms.ActiveCfg = Debug|Win32
		{4D602A8D-4EA9-415E-A2E5-90BAD3A4354D}.Debug|Mixed Platforms.Build.0 = Debug|Win32
		{4D602A8D-4EA9-415E-A2E5-90BAD3A4354D}.Debug|Win32.ActiveCfg = Debug|Win32
		{4D602A8D-4EA9-415E-A2E5-90BAD3A4354D}.Debug|Win32.Build.0 = Debug|Win32
		{4D602A8D-4EA9-415E-A2E5-90BAD3A4354D}.Debug|x64.ActiveCfg = Debug|x64
		{4D602A8D-4EA9-415E-A2E5-90BAD3A4354D}.Debug|x64.Build.0 = Debug|x64
		{4D602A8D-4EA9-415E-A2E5-90BAD3A4354D}.Release|Any CPU.ActiveCfg = Release|Win32
		{4D602A8D-4EA9-415E-A2E5-90BAD3A4354D}.Release|Mixed Platforms.ActiveCfg = Release|Win32
		{4D602A8D-4EA9-415E-A2E5-90BAD3A4354D}.Release|Mixed Platforms.Build.0 = Release|Win32
		{4D602A8D-4EA9-415E-A2E5-90BAD3A4354D}.Release|Win32.ActiveCfg = Release|Win32
		{4D602A8D-4EA9-415E-A2E5-90BAD3A4354D}.Release|Win32.Build.0 = Release|Win32
		{4D602A8D-4EA9-415E-A2E5-90BAD3A4354D}.Release|x64.ActiveCfg = Release|x64
		{4D602A8D-4EA9-415E-A2E5-90BAD3A4354D}.Release|x64.Build.0 = Release|x64
		{4D602A8D-4EA9-415E-A2E5-90BAD3A4354D}.ReleaseLN|Any CPU.ActiveCfg = Release|x64
		{4D602A8D-4EA9-415E-A2E5-90BAD3A4354D}.ReleaseLN|Any CPU.Build.0 = Release|x64
		{4D602A8D-4EA9-415E-A2E5-90BAD3A4354D}.ReleaseLN|Mixed Platforms.ActiveCfg = Release|Win32
		{4D602A8D-4EA9-415E-A2E5-90BAD3A4354D}.ReleaseLN|Mixed Platforms.Build.0 = Release|Win32
		{4D602A8D-4EA9-415E-A2E5-90BAD3A4354D}.ReleaseLN|Win32.ActiveCfg = Release|Win32
		{4D602A8D-4EA9-415E-A2E5-90BAD3A4354D}.ReleaseLN|Win32.Build.0 = Release|Win32
		{4D602A8D-4EA9-415E-A2E5-90BAD3A4354D}.ReleaseLN|x64.ActiveCfg = Release|x64
		{4D602A8D-4EA9-415E-A2E5-90BAD3A4354D}.ReleaseLN|x64.Build.0 = Release|x64
		{4D602A8D-4EA9-415E-A2E5-90BAD3A4354D}.ReleaseWithDebug|Any CPU.ActiveCfg = Release|x64
		{4D602A8D-4EA9-415E-A2E5-90BAD3A4354D}.ReleaseWithDebug|Any CPU.Build.0 = Release|x64
		{4D602A8D-4EA9-415E-A2E5-90BAD3A4354D}.ReleaseWithDebug|Mixed Platforms.ActiveCfg = Release|Win32
		{4D602A8D-4EA9-415E-A2E5-90BAD3A4354D}.ReleaseWithDebug|Mixed Platforms.Build.0 = Release|Win32
		{4D602A8D-4EA9-415E-A2E5-90BAD3A4354D}.ReleaseWithDebug|Win32.ActiveCfg = Release|Win32
		{4D602A8D-4EA9-415E-A2E5-90BAD3A4354D}.ReleaseWithDebug|Win32.Build.0 = Release|Win32
		{4D602A8D-4EA9-415E-A2E5-90BAD3A4354D}.ReleaseWithDebug|x64.ActiveCfg = Release|x64
		{4D602A8D-4EA9-415E-A2E5-90BAD3A4354D}.ReleaseWithDebug|x64.Build.0 = Release|x64
		{4D602A8D-4EA9-415E-A2E5-90BAD3A4354D}.Retail|Any CPU.ActiveCfg = Release|x64
		{4D602A8D-4EA9-415E-A2E5-90BAD3A4354D}.Retail|Any CPU.Build.0 = Release|x64
		{4D602A8D-4EA9-415E-A2E5-90BAD3A4354D}.Retail|Mixed Platforms.ActiveCfg = Release|Win32
		{4D602A8D-4EA9-415E-A2E5-90BAD3A4354D}.Retail|Mixed Platforms.Build.0 = Release|Win32
		{4D602A8D-4EA9-415E-A2E5-90BAD3A4354D}.Retail|Win32.ActiveCfg = Release|Win32
		{4D602A8D-4EA9-415E-A2E5-90BAD3A4354D}.Retail|Win32.Build.0 = Release|Win32
		{4D602A8D-4EA9-415E-A2E5-90BAD3A4354D}.Retail|x64.ActiveCfg = Release|x64
		{4D602A8D-4EA9-415E-A2E5-90BAD3A4354D}.Retail|x64.Build.0 = Release|x64
		{CAB7099F-43CA-43FD-8876-B976F274AB3B}.CLRDebug|Any CPU.ActiveCfg = Release|x64
		{CAB7099F-43CA-43FD-8876-B976F274AB3B}.CLRDebug|Any CPU.Build.0 = Release|x64
		{CAB7099F-43CA-43FD-8876-B976F274AB3B}.CLRDebug|Mixed Platforms.ActiveCfg = Debug|Win32
		{CAB7099F-43CA-43FD-8876-B976F274AB3B}.CLRDebug|Mixed Platforms.Build.0 = Debug|Win32
		{CAB7099F-43CA-43FD-8876-B976F274AB3B}.CLRDebug|Win32.ActiveCfg = Debug|Win32
		{CAB7099F-43CA-43FD-8876-B976F274AB3B}.CLRDebug|Win32.Build.0 = Debug|Win32
		{CAB7099F-43CA-43FD-8876-B976F274AB3B}.CLRDebug|x64.ActiveCfg = Debug|x64
		{CAB7099F-43CA-43FD-8876-B976F274AB3B}.CLRDebug|x64.Build.0 = Debug|x64
		{CAB7099F-43CA-43FD-8876-B976F274AB3B}.Debug|Any CPU.ActiveCfg = Debug|Win32
		{CAB7099F-43CA-43FD-8876-B976F274AB3B}.Debug|Mixed Platforms.ActiveCfg = Debug|Win32
		{CAB7099F-43CA-43FD-8876-B976F274AB3B}.Debug|Mixed Platforms.Build.0 = Debug|Win32
		{CAB7099F-43CA-43FD-8876-B976F274AB3B}.Debug|Win32.ActiveCfg = Debug|Win32
		{CAB7099F-43CA-43FD-8876-B976F274AB3B}.Debug|Win32.Build.0 = Debug|Win32
		{CAB7099F-43CA-43FD-8876-B976F274AB3B}.Debug|x64.ActiveCfg = Debug|x64
		{CAB7099F-43CA-43FD-8876-B976F274AB3B}.Debug|x64.Build.0 = Debug|x64
		{CAB7099F-43CA-43FD-8876-B976F274AB3B}.Release|Any CPU.ActiveCfg = Release|Win32
		{CAB7099F-43CA-43FD-8876-B976F274AB3B}.Release|Mixed Platforms.ActiveCfg = Release|Win32
		{CAB7099F-43CA-43FD-8876-B976F274AB3B}.Release|Mixed Platforms.Build.0 = Release|Win32
		{CAB7099F-43CA-43FD-8876-B976F274AB3B}.Release|Win32.ActiveCfg = Release|Win32
		{CAB7099F-43CA-43FD-8876-B976F274AB3B}.Release|Win32.Build.0 = Release|Win32
		{CAB7099F-43CA-43FD-8876-B976F274AB3B}.Release|x64.ActiveCfg = Release|x64
		{CAB7099F-43CA-43FD-8876-B976F274AB3B}.Release|x64.Build.0 = Release|x64
		{CAB7099F-43CA-43FD-8876-B976F274AB3B}.ReleaseLN|Any CPU.ActiveCfg = Release|x64
		{CAB7099F-43CA-43FD-8876-B976F274AB3B}.ReleaseLN|Any CPU.Build.0 = Release|x64
		{CAB7099F-43CA-43FD-8876-B976F274AB3B}.ReleaseLN|Mixed Platforms.ActiveCfg = Release|Win32
		{CAB7099F-43CA-43FD-8876-B976F274AB3B}.ReleaseLN|Mixed Platforms.Build.0 = Release|Win32
		{CAB7099F-43CA-43FD-8876-B976F274AB3B}.ReleaseLN|Win32.ActiveCfg = Release|Win32
		{CAB7099F-43CA-43FD-8876-B976F274AB3B}.ReleaseLN|Win32.Build.0 = Release|Win32
		{CAB7099F-43CA-43FD-8876-B976F274AB3B}.ReleaseLN|x64.ActiveCfg = Release|x64
		{CAB7099F-43CA-43FD-8876-B976F274AB3B}.ReleaseLN|x64.Build.0 = Release|x64
		{CAB7099F-43CA-43FD-8876-B976F274AB3B}.ReleaseWithDebug|Any CPU.ActiveCfg = Release|x64
		{CAB7099F-43CA-43FD-8876-B976F274AB3B}.ReleaseWithDebug|Any CPU.Build.0 = Release|x64
		{CAB7099F-43CA-43FD-8876-B976F274AB3B}.ReleaseWithDebug|Mixed Platforms.ActiveCfg = Release|Win32
		{CAB7099F-43CA-43FD-8876-B976F274AB3B}.ReleaseWithDebug|Mixed Platforms.Build.0 = Release|Win32
		{CAB7099F-43CA-43FD-8876-B976F274AB3B}.ReleaseWithDebug|Win32.ActiveCfg = Release|Win32
		{CAB7099F-43CA-43FD-8876-B976F274AB3B}.ReleaseWithDebug|Win32.Build.0 = Release|Win32
		{CAB7099F-43CA-43FD-8876-B976F274AB3B}.ReleaseWithDebug|x64.ActiveCfg = Release|x64
		{CAB7099F-43CA-43FD-8876-B976F274AB3B}.ReleaseWithDebug|x64.Build.0 = Release|x64
		{CAB7099F-43CA-43FD-8876-B976F274AB3B}.Retail|Any CPU.ActiveCfg = Release|x64
		{CAB7099F-43CA-43FD-8876-B976F274AB3B}.Retail|Any CPU.Build.0 = Release|x64
		{CAB7099F-43CA-43FD-8876-B976F274AB3B}.Retail|Mixed Platforms.ActiveCfg = Release|Win32
		{CAB7099F-43CA-43FD-8876-B976F274AB3B}.Retail|Mixed Platforms.Build.0 = Release|Win32
		{CAB7099F-43CA-43FD-8876-B976F274AB3B}.Retail|Win32.ActiveCfg = Release|Win32
		{CAB7099F-43CA-43FD-8876-B976F274AB3B}.Retail|Win32.Build.0 = Release|Win32
		{CAB7099F-43CA-43FD-8876-B976F274AB3B}.Retail|x64.ActiveCfg = Release|x64
		{CAB7099F-43CA-43FD-8876-B976F274AB3B}.Retail|x64.Build.0 = Release|x64
	EndGlobalSection
	GlobalSection(SolutionProperties) = preSolution
		HideSolutionNode = FALSE
	EndGlobalSection
EndGlobal
