// !$*UTF8*$!
{
	archiveVersion = 1;
	classes = {
	};
	objectVersion = 46;
	objects = {

/* Begin PBXBuildFile section */
		AA2489381C70AD1F00B276C9 /* Bin.cpp in Sources */ = {isa = PBXBuildFile; fileRef = AA2489371C70AD1F00B276C9 /* Bin.cpp */; };
/* End PBXBuildFile section */

/* Begin PBXCopyFilesBuildPhase section */
		AA24892B1C70ACEE00B276C9 /* CopyFiles */ = {
			isa = PBXCopyFilesBuildPhase;
			buildActionMask = 2147483647;
			dstPath = /usr/share/man/man1/;
			dstSubfolderSpec = 0;
			files = (
			);
			runOnlyForDeploymentPostprocessing = 1;
		};
/* End PBXCopyFilesBuildPhase section */

/* Begin PBXFileReference section */
		AA24892D1C70ACEE00B276C9 /* KAI Console */ = {isa = PBXFileReference; explicitFileType = "compiled.mach-o.executable"; includeInIndex = 0; path = "KAI Console"; sourceTree = BUILT_PRODUCTS_DIR; };
		AA2489371C70AD1F00B276C9 /* Bin.cpp */ = {isa = PBXFileReference; fileEncoding = 4; lastKnownFileType = sourcecode.cpp.cpp; name = Bin.cpp; path = ../../Projects/Library/Source/Bin.cpp; sourceTree = "<group>"; };
/* End PBXFileReference section */

/* Begin PBXFrameworksBuildPhase section */
		AA24892A1C70ACEE00B276C9 /* Frameworks */ = {
			isa = PBXFrameworksBuildPhase;
			buildActionMask = 2147483647;
			files = (
			);
			runOnlyForDeploymentPostprocessing = 0;
		};
/* End PBXFrameworksBuildPhase section */

/* Begin PBXGroup section */
		AA2489241C70ACEE00B276C9 = {
			isa = PBXGroup;
			children = (
				AA24892F1C70ACEE00B276C9 /* KAI Console */,
				AA24892E1C70ACEE00B276C9 /* Products */,
			);
			sourceTree = "<group>";
		};
		AA24892E1C70ACEE00B276C9 /* Products */ = {
			isa = PBXGroup;
			children = (
				AA24892D1C70ACEE00B276C9 /* KAI Console */,
			);
			name = Products;
			sourceTree = "<group>";
		};
		AA24892F1C70ACEE00B276C9 /* KAI Console */ = {
			isa = PBXGroup;
			children = (
				AA2489371C70AD1F00B276C9 /* Bin.cpp */,
			);
			path = "KAI Console";
			sourceTree = "<group>";
		};
/* End PBXGroup section */

/* Begin PBXNativeTarget section */
		AA24892C1C70ACEE00B276C9 /* KAI Console */ = {
			isa = PBXNativeTarget;
			buildConfigurationList = AA2489341C70ACEE00B276C9 /* Build configuration list for PBXNativeTarget "KAI Console" */;
			buildPhases = (
				AA2489291C70ACEE00B276C9 /* Sources */,
				AA24892A1C70ACEE00B276C9 /* Frameworks */,
				AA24892B1C70ACEE00B276C9 /* CopyFiles */,
			);
			buildRules = (
			);
			dependencies = (
			);
			name = "KAI Console";
			productName = "KAI Console";
			productReference = AA24892D1C70ACEE00B276C9 /* KAI Console */;
			productType = "com.apple.product-type.tool";
		};
/* End PBXNativeTarget section */

/* Begin PBXProject section */
		AA2489251C70ACEE00B276C9 /* Project object */ = {
			isa = PBXProject;
			attributes = {
				LastUpgradeCheck = 0640;
				ORGANIZATIONNAME = "Christian ";
				TargetAttributes = {
					AA24892C1C70ACEE00B276C9 = {
						CreatedOnToolsVersion = 6.4;
					};
				};
			};
			buildConfigurationList = AA2489281C70ACEE00B276C9 /* Build configuration list for PBXProject "KAI Console" */;
			compatibilityVersion = "Xcode 3.2";
			developmentRegion = English;
			hasScannedForEncodings = 0;
			knownRegions = (
				en,
			);
			mainGroup = AA2489241C70ACEE00B276C9;
			productRefGroup = AA24892E1C70ACEE00B276C9 /* Products */;
			projectDirPath = "";
			projectRoot = "";
			targets = (
				AA24892C1C70ACEE00B276C9 /* KAI Console */,
			);
		};
/* End PBXProject section */

/* Begin PBXSourcesBuildPhase section */
		AA2489291C70ACEE00B276C9 /* Sources */ = {
			isa = PBXSourcesBuildPhase;
			buildActionMask = 2147483647;
			files = (
				AA2489381C70AD1F00B276C9 /* Bin.cpp in Sources */,
			);
			runOnlyForDeploymentPostprocessing = 0;
		};
/* End PBXSourcesBuildPhase section */

/* Begin XCBuildConfiguration section */
		AA2489321C70ACEE00B276C9 /* Debug */ = {
			isa = XCBuildConfiguration;
			buildSettings = {
				ALWAYS_SEARCH_USER_PATHS = NO;
				CLANG_CXX_LANGUAGE_STANDARD = "gnu++0x";
				CLANG_CXX_LIBRARY = "libc++";
				CLANG_ENABLE_MODULES = YES;
				CLANG_ENABLE_OBJC_ARC = YES;
				CLANG_WARN_BOOL_CONVERSION = YES;
				CLANG_WARN_CONSTANT_CONVERSION = YES;
				CLANG_WARN_DIRECT_OBJC_ISA_USAGE = YES_ERROR;
				CLANG_WARN_EMPTY_BODY = YES;
				CLANG_WARN_ENUM_CONVERSION = YES;
				CLANG_WARN_INT_CONVERSION = YES;
				CLANG_WARN_OBJC_ROOT_CLASS = YES_ERROR;
				CLANG_WARN_UNREACHABLE_CODE = YES;
				CLANG_WARN__DUPLICATE_METHOD_MATCH = YES;
				COPY_PHASE_STRIP = NO;
				DEBUG_INFORMATION_FORMAT = dwarf;
				ENABLE_STRICT_OBJC_MSGSEND = YES;
				GCC_C_LANGUAGE_STANDARD = gnu99;
				GCC_DYNAMIC_NO_PIC = NO;
				GCC_NO_COMMON_BLOCKS = YES;
				GCC_OPTIMIZATION_LEVEL = 0;
				GCC_PREPROCESSOR_DEFINITIONS = (
					"DEBUG=1",
					"$(inherited)",
				);
				GCC_SYMBOLS_PRIVATE_EXTERN = NO;
				GCC_WARN_64_TO_32_BIT_CONVERSION = YES;
				GCC_WARN_ABOUT_RETURN_TYPE = YES_ERROR;
				GCC_WARN_UNDECLARED_SELECTOR = YES;
				GCC_WARN_UNINITIALIZED_AUTOS = YES_AGGRESSIVE;
				GCC_WARN_UNUSED_FUNCTION = YES;
				GCC_WARN_UNUSED_VARIABLE = YES;
				HEADER_SEARCH_PATHS = (
					"$(inherited)",
					/Applications/Xcode.app/Contents/Developer/Toolchains/XcodeDefault.xctoolchain/usr/include,
					/Users/christian/Dev/External/boost,
					/Users/christian/Dev/KAI/Include,
				);
				"HEADER_SEARCH_PATHS[arch=*]" = (
					"$(inherited)",
					/Applications/Xcode.app/Contents/Developer/Toolchains/XcodeDefault.xctoolchain/usr/include,
				);
				MACOSX_DEPLOYMENT_TARGET = 10.11;
				MTL_ENABLE_DEBUG_INFO = YES;
				ONLY_ACTIVE_ARCH = YES;
				OTHER_CPLUSPLUSFLAGS = (
					"$(OTHER_CFLAGS)",
					"-DKAI_NAMESPACE_NAME=KAI",
				);
				SDKROOT = macosx;
			};
			name = Debug;
		};
		AA2489331C70ACEE00B276C9 /* Release */ = {
			isa = XCBuildConfiguration;
			buildSettings = {
				ALWAYS_SEARCH_USER_PATHS = NO;
				CLANG_CXX_LANGUAGE_STANDARD = "gnu++0x";
				CLANG_CXX_LIBRARY = "libc++";
				CLANG_ENABLE_MODULES = YES;
				CLANG_ENABLE_OBJC_ARC = YES;
				CLANG_WARN_BOOL_CONVERSION = YES;
				CLANG_WARN_CONSTANT_CONVERSION = YES;
				CLANG_WARN_DIRECT_OBJC_ISA_USAGE = YES_ERROR;
				CLANG_WARN_EMPTY_BODY = YES;
				CLANG_WARN_ENUM_CONVERSION = YES;
				CLANG_WARN_INT_CONVERSION = YES;
				CLANG_WARN_OBJC_ROOT_CLASS = YES_ERROR;
				CLANG_WARN_UNREACHABLE_CODE = YES;
				CLANG_WARN__DUPLICATE_METHOD_MATCH = YES;
				COPY_PHASE_STRIP = NO;
				DEBUG_INFORMATION_FORMAT = "dwarf-with-dsym";
				ENABLE_NS_ASSERTIONS = NO;
				ENABLE_STRICT_OBJC_MSGSEND = YES;
				GCC_C_LANGUAGE_STANDARD = gnu99;
				GCC_NO_COMMON_BLOCKS = YES;
				GCC_WARN_64_TO_32_BIT_CONVERSION = YES;
				GCC_WARN_ABOUT_RETURN_TYPE = YES_ERROR;
				GCC_WARN_UNDECLARED_SELECTOR = YES;
				GCC_WARN_UNINITIALIZED_AUTOS = YES_AGGRESSIVE;
				GCC_WARN_UNUSED_FUNCTION = YES;
				GCC_WARN_UNUSED_VARIABLE = YES;
				MACOSX_DEPLOYMENT_TARGET = 10.11;
				MTL_ENABLE_DEBUG_INFO = NO;
				OTHER_CPLUSPLUSFLAGS = (
					"$(OTHER_CFLAGS)",
					"-DKAI_NAMESPACE_NAME=KAI",
				);
				SDKROOT = macosx;
			};
			name = Release;
		};
		AA2489351C70ACEE00B276C9 /* Debug */ = {
			isa = XCBuildConfiguration;
			buildSettings = {
				HEADER_SEARCH_PATHS = (
					"$(inherited)",
					/Applications/Xcode.app/Contents/Developer/Toolchains/XcodeDefault.xctoolchain/usr/include,
					/Users/christian/Dev/External,
					/Users/christian/Dev/KAI/Include,
				);
				PRODUCT_NAME = "$(TARGET_NAME)";
			};
			name = Debug;
		};
		AA2489361C70ACEE00B276C9 /* Release */ = {
			isa = XCBuildConfiguration;
			buildSettings = {
				PRODUCT_NAME = "$(TARGET_NAME)";
			};
			name = Release;
		};
/* End XCBuildConfiguration section */

/* Begin XCConfigurationList section */
		AA2489281C70ACEE00B276C9 /* Build configuration list for PBXProject "KAI Console" */ = {
			isa = XCConfigurationList;
			buildConfigurations = (
				AA2489321C70ACEE00B276C9 /* Debug */,
				AA2489331C70ACEE00B276C9 /* Release */,
			);
			defaultConfigurationIsVisible = 0;
			defaultConfigurationName = Release;
		};
		AA2489341C70ACEE00B276C9 /* Build configuration list for PBXNativeTarget "KAI Console" */ = {
			isa = XCConfigurationList;
			buildConfigurations = (
				AA2489351C70ACEE00B276C9 /* Debug */,
				AA2489361C70ACEE00B276C9 /* Release */,
			);
			defaultConfigurationIsVisible = 0;
		};
/* End XCConfigurationList section */
	};
	rootObject = AA2489251C70ACEE00B276C9 /* Project object */;
}
