<?xml version="1.0" encoding="UTF-8" standalone="yes" ?>
<CodeBlocks_project_file>
	<FileVersion major="1" minor="6" />
	<Project>
		<Option title="Console" />
		<Option pch_mode="2" />
		<Option compiler="gcc" />
		<Build>
			<Target title="Debug Win32">
				<Option output="Console" prefix_auto="1" extension_auto="1" />
				<Option type="0" />
				<Option compiler="gcc" />
				<Compiler>
					<Add option="-D_SILENCE_STDEXT_HASH_DEPRECATION_WARNINGS" />
					<Add option="-DWIN32" />
					<Add option="-D_DEBUG" />
					<Add option="-D_CONSOLE" />
					<Add option="-DKAI_DEBUG" />
					<Add option="-DKAI_DEBUG_TRACE" />
					<Add option="-DKAI_NAMESPACE_NAME=kai" />
					<Add directory="$(VC_IncludePath)" />
					<Add directory="$(WindowsSDK_IncludePath)" />
					<Add directory="c:/dev/Include" />
					<Add directory="../../Include" />
				</Compiler>
			</Target>
			<Target title="RetailMin Win32">
				<Option output="Console" prefix_auto="1" extension_auto="1" />
				<Option type="0" />
				<Option compiler="gcc" />
				<Compiler>
					<Add option="-DWIN32" />
					<Add option="-DNDEBUG" />
					<Add option="-D_CONSOLE" />
					<Add directory="$(SolutionDir)/Include" />
					<Add directory="../../Include" />
				</Compiler>
			</Target>
			<Target title="Retail Win32">
				<Option output="Console" prefix_auto="1" extension_auto="1" />
				<Option type="0" />
				<Option compiler="gcc" />
				<Compiler>
					<Add option="-DWIN32" />
					<Add option="-DNDEBUG" />
					<Add option="-D_CONSOLE" />
					<Add option="-DUSE_STATIC_LIBS=1" />
					<Add directory="$(VC_IncludePath)" />
					<Add directory="$(WindowsSDK_IncludePath)" />
					<Add directory="c:/sdk/boost/" />
					<Add directory="$(SolutionDir)/Include" />
					<Add directory="../../Include" />
				</Compiler>
			</Target>
			<Target title="DebugMin Win32">
				<Option output="Console" prefix_auto="1" extension_auto="1" />
				<Option type="0" />
				<Option compiler="gcc" />
				<Compiler>
					<Add option="-DWIN32" />
					<Add option="-D_DEBUG" />
					<Add option="-D_CONSOLE" />
					<Add directory="../../Include" />
					<Add directory="../../../../MabCore/include" />
				</Compiler>
				<Linker>
					<Add library="dbghelp.lib" />
				</Linker>
			</Target>
			<Target title="ReleaseLN Win32">
				<Option output="Console" prefix_auto="1" extension_auto="1" />
				<Option type="0" />
				<Option compiler="gcc" />
				<Compiler>
					<Add option="-DWIN32" />
					<Add option="-D_DEBUG" />
					<Add option="-D_CONSOLE" />
					<Add directory="../../Include" />
					<Add directory="../../../../MabCore/include" />
				</Compiler>
				<Linker>
					<Add library="dbghelp.lib" />
				</Linker>
			</Target>
			<Target title="RetailOpt Win32">
				<Option output="Console" prefix_auto="1" extension_auto="1" />
				<Option type="0" />
				<Option compiler="gcc" />
				<Compiler>
					<Add option="-DWIN32" />
					<Add option="-D_DEBUG" />
					<Add option="-D_CONSOLE" />
					<Add directory="../../Include" />
					<Add directory="../../../../MabCore/include" />
				</Compiler>
				<Linker>
					<Add library="dbghelp.lib" />
				</Linker>
			</Target>
			<Target title="CLRDebug Win32">
				<Option output="Console" prefix_auto="1" extension_auto="1" />
				<Option type="0" />
				<Option compiler="gcc" />
				<Compiler>
					<Add option="-DWIN32" />
					<Add option="-D_DEBUG" />
					<Add option="-D_CONSOLE" />
					<Add directory="$(VC_IncludePath)" />
					<Add directory="$(WindowsSDK_IncludePath)" />
					<Add directory="c:/sdk/boost" />
					<Add directory="../../Include" />
					<Add directory="../../../../MabCore/include" />
				</Compiler>
				<Linker>
					<Add library="dbghelp.lib" />
				</Linker>
			</Target>
			<Target title="ReleaseWithDebug Win32">
				<Option output="Console" prefix_auto="1" extension_auto="1" />
				<Option type="0" />
				<Option compiler="gcc" />
				<Compiler>
					<Add option="-DWIN32" />
					<Add option="-DNDEBUG" />
					<Add option="-D_CONSOLE" />
					<Add directory="$(VC_IncludePath)" />
					<Add directory="$(WindowsSDK_IncludePath)" />
					<Add directory="c:/sdk/boost/" />
					<Add directory="$(SolutionDir)/Include" />
				</Compiler>
			</Target>
		</Build>
		<Unit filename="Scripts/Test2.kai" />
		<Unit filename="Scripts/Test3.kai" />
		<Unit filename="Scripts/TestClass.kai" />
		<Unit filename="Scripts/TestFun.kai" />
		<Unit filename="Source/Main.cpp" />
		<Extensions>
			<code_completion />
			<envvars />
			<debugger />
		</Extensions>
	</Project>
</CodeBlocks_project_file>
