<?xml version="1.0" encoding="utf-8"?>
<Project ToolsVersion="4.0" xmlns="http://schemas.microsoft.com/developer/msbuild/2003">
  <ItemGroup>
    <Filter Include="Source Files">
      <UniqueIdentifier>{4FC737F1-C7A5-4376-A066-2A32D752A2FF}</UniqueIdentifier>
      <Extensions>cpp;c;cc;cxx;def;odl;idl;hpj;bat;asm;asmx</Extensions>
    </Filter>
    <Filter Include="Header Files">
      <UniqueIdentifier>{93995380-89BD-4b04-88EB-625FBE52EBFB}</UniqueIdentifier>
      <Extensions>h;hh;hpp;hxx;hm;inl;inc;xsd</Extensions>
    </Filter>
    <Filter Include="Resource Files">
      <UniqueIdentifier>{67DA6AB6-F800-4c08-8B7A-83BB121AAD01}</UniqueIdentifier>
      <Extensions>rc;ico;cur;bmp;dlg;rc2;rct;bin;rgs;gif;jpg;jpeg;jpe;resx;tiff;tif;png;wav;mfcribbon-ms</Extensions>
    </Filter>
    <Filter Include="Source Files\Translator">
      <UniqueIdentifier>{5772f141-2bf0-49ad-b478-f657313a7ba6}</UniqueIdentifier>
    </Filter>
    <Filter Include="Header Files\Translator">
      <UniqueIdentifier>{d43a2d7b-a95d-4f85-b72a-05832fb05937}</UniqueIdentifier>
    </Filter>
    <Filter Include="Header Files\Translator\Pi">
      <UniqueIdentifier>{8d3a8ef0-d0c4-4832-b224-0346a1d3fe10}</UniqueIdentifier>
    </Filter>
    <Filter Include="Header Files\Translator\Rho">
      <UniqueIdentifier>{584fbf81-231f-486d-87ed-b45bf189db78}</UniqueIdentifier>
    </Filter>
    <Filter Include="Source Files\Translator\Rho">
      <UniqueIdentifier>{68f2c7f9-3c8a-4e30-b0e1-e968f71dbdd4}</UniqueIdentifier>
    </Filter>
    <Filter Include="Source Files\Translator\Pi">
      <UniqueIdentifier>{dfb68a6f-5fc5-44a3-beee-c9e9241d5b82}</UniqueIdentifier>
    </Filter>
    <Filter Include="Header Files\Translator\Common">
      <UniqueIdentifier>{54118656-15f1-474f-9e94-77cdb70b74df}</UniqueIdentifier>
    </Filter>
    <Filter Include="Source Files\Common">
      <UniqueIdentifier>{7f87c6c3-bbad-4419-97ae-ee1d1cf6482b}</UniqueIdentifier>
    </Filter>
    <Filter Include="Header Files\Base">
      <UniqueIdentifier>{f54f4a49-f7bd-4bb6-9051-44db2954e39f}</UniqueIdentifier>
    </Filter>
  </ItemGroup>
  <ItemGroup>
    <ClCompile Include="Source\Translator\Pi\PiLang.cpp">
      <Filter>Source Files\Translator\Pi</Filter>
    </ClCompile>
    <ClCompile Include="Source\Translator\Pi\PiLexer.cpp">
      <Filter>Source Files\Translator\Pi</Filter>
    </ClCompile>
    <ClCompile Include="Source\Translator\Pi\PiParser.cpp">
      <Filter>Source Files\Translator\Pi</Filter>
    </ClCompile>
    <ClCompile Include="Source\Translator\Pi\PiToken.cpp">
      <Filter>Source Files\Translator\Pi</Filter>
    </ClCompile>
    <ClCompile Include="Source\Translator\Pi\PiTranslator.cpp">
      <Filter>Source Files\Translator\Pi</Filter>
    </ClCompile>
    <ClCompile Include="Source\Translator\Process.cpp">
      <Filter>Source Files\Translator</Filter>
    </ClCompile>
    <ClCompile Include="Source\Translator\LexerBase.cpp">
      <Filter>Source Files\Translator</Filter>
    </ClCompile>
    <ClCompile Include="Source\Translator\Rho\RhoLang.cpp">
      <Filter>Source Files\Translator\Rho</Filter>
    </ClCompile>
    <ClCompile Include="Source\Translator\Rho\RhoParser.cpp">
      <Filter>Source Files\Translator\Rho</Filter>
    </ClCompile>
    <ClCompile Include="Source\Translator\Rho\RhoToken.cpp">
      <Filter>Source Files\Translator\Rho</Filter>
    </ClCompile>
    <ClCompile Include="Source\Translator\Rho\RhoLexer.cpp">
      <Filter>Source Files\Translator\Rho</Filter>
    </ClCompile>
    <ClCompile Include="Source\Translator\TokenBase.cpp">
      <Filter>Source Files\Translator</Filter>
    </ClCompile>
    <ClCompile Include="Source\Translator\Rho\RhoTranslator.cpp">
      <Filter>Source Files\Translator\Rho</Filter>
    </ClCompile>
    <ClCompile Include="Source\Translator\Rho\RhoAstNode.cpp">
      <Filter>Source Files\Translator\Rho</Filter>
    </ClCompile>
    <ClCompile Include="Source\Translator\Pi\PiAstNode.cpp">
      <Filter>Source Files\Translator\Pi</Filter>
    </ClCompile>
    <ClCompile Include="Source\Bin.cpp">
      <Filter>Source Files\Common</Filter>
    </ClCompile>
    <ClCompile Include="Source\Compiler.cpp">
      <Filter>Source Files\Common</Filter>
    </ClCompile>
    <ClCompile Include="Source\Console.cpp">
      <Filter>Source Files\Common</Filter>
    </ClCompile>
    <ClCompile Include="Source\Continuation.cpp">
      <Filter>Source Files\Common</Filter>
    </ClCompile>
    <ClCompile Include="Source\Executor.cpp">
      <Filter>Source Files\Common</Filter>
    </ClCompile>
    <ClCompile Include="Source\Precompiled.cpp">
      <Filter>Source Files\Common</Filter>
    </ClCompile>
    <ClCompile Include="Source\SignedContinuation.cpp">
      <Filter>Source Files\Common</Filter>
    </ClCompile>
    <ClCompile Include="Source\Tree.cpp">
      <Filter>Source Files\Common</Filter>
    </ClCompile>
    <ClCompile Include="Source\Translator\TranslatorCommon.cpp">
      <Filter>Source Files\Common</Filter>
    </ClCompile>
  </ItemGroup>
  <ItemGroup>
    <ClInclude Include="..\..\Include\KAI\Translator\Pi\PiLexer.h">
      <Filter>Header Files\Translator\Pi</Filter>
    </ClInclude>
    <ClInclude Include="..\..\Include\KAI\Translator\Pi\PiParser.h">
      <Filter>Header Files\Translator\Pi</Filter>
    </ClInclude>
    <ClInclude Include="..\..\Include\KAI\Translator\Pi\PiToken.h">
      <Filter>Header Files\Translator\Pi</Filter>
    </ClInclude>
    <ClInclude Include="..\..\Include\KAI\Translator\Rho\RhoParser.h">
      <Filter>Header Files\Translator\Rho</Filter>
    </ClInclude>
    <ClInclude Include="..\..\Include\KAI\Translator\Rho\RhoToken.h">
      <Filter>Header Files\Translator\Rho</Filter>
    </ClInclude>
    <ClInclude Include="..\..\Include\KAI\Translator\Rho\RhoTranslator.h">
      <Filter>Header Files\Translator\Rho</Filter>
    </ClInclude>
    <ClInclude Include="..\..\Include\KAI\Translator\Rho\Rho.h">
      <Filter>Header Files\Translator\Rho</Filter>
    </ClInclude>
    <ClInclude Include="..\..\Include\KAI\Translator\Rho\RhoLexer.h">
      <Filter>Header Files\Translator\Rho</Filter>
    </ClInclude>
    <ClInclude Include="..\..\Include\KAI\Translator\Rho\RhoAstNode.h">
      <Filter>Header Files\Translator\Rho</Filter>
    </ClInclude>
    <ClInclude Include="..\..\Include\KAI\Translator\Pi\Pi.h">
      <Filter>Header Files\Translator\Pi</Filter>
    </ClInclude>
    <ClInclude Include="..\..\Include\KAI\Translator\Pi\PiAstNode.h">
      <Filter>Header Files\Translator\Pi</Filter>
    </ClInclude>
    <ClInclude Include="..\..\Include\KAI\Translator\Pi\PiTranslator.h">
      <Filter>Header Files\Translator\Pi</Filter>
    </ClInclude>
    <ClInclude Include="..\..\Include\KAI\Translator\AstNodeBase.h">
      <Filter>Header Files\Translator\Common</Filter>
    </ClInclude>
    <ClInclude Include="..\..\Include\KAI\Translator\Base.h">
      <Filter>Header Files\Translator\Common</Filter>
    </ClInclude>
    <ClInclude Include="..\..\Include\KAI\Translator\Common.h">
      <Filter>Header Files\Translator\Common</Filter>
    </ClInclude>
    <ClInclude Include="..\..\Include\KAI\Translator\Config.h">
      <Filter>Header Files\Translator\Common</Filter>
    </ClInclude>
    <ClInclude Include="..\..\Include\KAI\Translator\LexerBase.h">
      <Filter>Header Files\Translator\Common</Filter>
    </ClInclude>
    <ClInclude Include="..\..\Include\KAI\Translator\LexerCommon.h">
      <Filter>Header Files\Translator\Common</Filter>
    </ClInclude>
    <ClInclude Include="..\..\Include\KAI\Translator\ParserCommon.h">
      <Filter>Header Files\Translator\Common</Filter>
    </ClInclude>
    <ClInclude Include="..\..\Include\KAI\Translator\Process.h">
      <Filter>Header Files\Translator\Common</Filter>
    </ClInclude>
    <ClInclude Include="..\..\Include\KAI\Translator\Slice.h">
      <Filter>Header Files\Translator\Common</Filter>
    </ClInclude>
    <ClInclude Include="..\..\Include\KAI\Translator\Structure.h">
      <Filter>Header Files\Translator\Common</Filter>
    </ClInclude>
    <ClInclude Include="..\..\Include\KAI\Translator\TokenBase.h">
      <Filter>Header Files\Translator\Common</Filter>
    </ClInclude>
    <ClInclude Include="..\..\Include\KAI\Compiler.h">
      <Filter>Header Files\Base</Filter>
    </ClInclude>
    <ClInclude Include="..\..\Include\KAI\Console.h">
      <Filter>Header Files\Base</Filter>
    </ClInclude>
    <ClInclude Include="..\..\Include\KAI\Continuation.h">
      <Filter>Header Files\Base</Filter>
    </ClInclude>
    <ClInclude Include="..\..\Include\KAI\Executor.h">
      <Filter>Header Files\Base</Filter>
    </ClInclude>
    <ClInclude Include="..\..\Include\KAI\ExecutorPCH.h">
      <Filter>Header Files\Base</Filter>
    </ClInclude>
    <ClInclude Include="..\..\Include\KAI\SignedContinuation.h">
      <Filter>Header Files\Base</Filter>
    </ClInclude>
    <ClInclude Include="..\..\Include\KAI\Tree.h">
      <Filter>Header Files\Base</Filter>
    </ClInclude>
    <ClInclude Include="..\..\Include\KAI\Translator\TranslatorBase.h">
      <Filter>Header Files\Translator\Common</Filter>
    </ClInclude>
    <ClInclude Include="..\..\Include\KAI\Translator\TranslatorCommon.h">
      <Filter>Header Files\Translator\Common</Filter>
    </ClInclude>
    <ClInclude Include="..\..\Include\KAI\Translator\Language.h">
      <Filter>Header Files\Translator\Common</Filter>
    </ClInclude>
  </ItemGroup>
</Project>